lockfileVersion: 5.4

specifiers:
  echarts: ^5.4.1
  zrender: ^5.4.3

dependencies:
  echarts: registry.npmmirror.com/echarts/5.4.1
  zrender: registry.npmmirror.com/zrender/5.4.3

packages:

  registry.npmmirror.com/echarts/5.4.1:
    resolution: {integrity: sha512-9ltS3M2JB0w2EhcYjCdmtrJ+6haZcW6acBolMGIuf01Hql1yrIV01L1aRj7jsaaIULJslEP9Z3vKlEmnJaWJVQ==, registry: https://registry.npm.taobao.org/, tarball: https://registry.npmmirror.com/echarts/-/echarts-5.4.1.tgz}
    name: echarts
    version: 5.4.1
    dependencies:
      tslib: registry.npmmirror.com/tslib/2.3.0
      zrender: registry.npmmirror.com/zrender/5.4.1
    dev: false

  registry.npmmirror.com/tslib/2.3.0:
    resolution: {integrity: sha512-N82ooyxVNm6h1riLCoyS9e3fuJ3AMG2zIZs2Gd1ATcSFjSA23Q0fzjjZeh0jbJvWVDZ0cJT8yaNNaaXHzueNjg==, registry: https://registry.npm.taobao.org/, tarball: https://registry.npmmirror.com/tslib/-/tslib-2.3.0.tgz}
    name: tslib
    version: 2.3.0
    dev: false

  registry.npmmirror.com/zrender/5.4.1:
    resolution: {integrity: sha512-M4Z05BHWtajY2241EmMPHglDQAJ1UyHQcYsxDNzD9XLSkPDqMq4bB28v9Pb4mvHnVQ0GxyTklZ/69xCFP6RXBA==, registry: https://registry.npm.taobao.org/, tarball: https://registry.npmmirror.com/zrender/-/zrender-5.4.1.tgz}
    name: zrender
    version: 5.4.1
    dependencies:
      tslib: registry.npmmirror.com/tslib/2.3.0
    dev: false

  registry.npmmirror.com/zrender/5.4.3:
    resolution: {integrity: sha512-DRUM4ZLnoaT0PBVvGBDO9oWIDBKFdAVieNWxWwK0niYzJCMwGchRk21/hsE+RKkIveH3XHCyvXcJDkgLVvfizQ==, registry: https://registry.npm.taobao.org/, tarball: https://registry.npmmirror.com/zrender/-/zrender-5.4.3.tgz}
    name: zrender
    version: 5.4.3
    dependencies:
      tslib: registry.npmmirror.com/tslib/2.3.0
    dev: false
