lockfileVersion: 5.4

specifiers:
  echarts: ^6.0.0
  zrender: ^6.0.0

dependencies:
  echarts: 6.0.0
  zrender: 6.0.0

packages:

  /echarts/6.0.0:
    resolution: {integrity: sha512-Tte/grDQRiETQP4xz3iZWSvoHrkCQtwqd6hs+mifXcjrCuo2iKWbajFObuLJVBlDIJlOzgQPd1hsaKt/3+OMkQ==}
    dependencies:
      tslib: 2.3.0
      zrender: 6.0.0
    dev: false

  /tslib/2.3.0:
    resolution: {integrity: sha512-N82ooyxVNm6h1riLCoyS9e3fuJ3AMG2zIZs2Gd1ATcSFjSA23Q0fzjjZeh0jbJvWVDZ0cJT8yaNNaaXHzueNjg==}
    dev: false

  /zrender/6.0.0:
    resolution: {integrity: sha512-41dFXEEXuJpNecuUQq6JlbybmnHaqqpGlbH1yxnA5V9MMP4SbohSVZsJIwz+zdjQXSSlR1Vc34EgH1zxyTDvhg==}
    dependencies:
      tslib: 2.3.0
    dev: false
